
Microsoft Visual Studio Solution File, Format Version 12.00
# Visual Studio Version 16
VisualStudioVersion = 16.0.29709.97
MinimumVisualStudioVersion = 10.0.40219.1
Project("{FAE04EC0-301F-11D3-BF4B-00C04F79EFBC}") = "BingFrame", "BingFrame\BingFrame.csproj", "{4E9487DE-82FE-4635-9AB3-6037B01228A5}"
EndProject
Project("{FAE04EC0-301F-11D3-BF4B-00C04F79EFBC}") = "BingSpcFlwTesting", "BingSpcFlw\BingSpcFlwTesting.csproj", "{338749C4-E868-4931-835C-D74DF69EAC0F}"
EndProject
Project("{FAE04EC0-301F-11D3-BF4B-00C04F79EFBC}") = "BingNUnitTesting", "BingNUnitTesting\BingNUnitTesting.csproj", "{9DB0AB1C-95B3-4664-A77B-7ACFCDCDA56D}"
EndProject
Global
	GlobalSection(SolutionConfigurationPlatforms) = preSolution
		Debug|Any CPU = Debug|Any CPU
		Release|Any CPU = Release|Any CPU
	EndGlobalSection
	GlobalSection(ProjectConfigurationPlatforms) = postSolution
		{4E9487DE-82FE-4635-9AB3-6037B01228A5}.Debug|Any CPU.ActiveCfg = Debug|Any CPU
		{4E9487DE-82FE-4635-9AB3-6037B01228A5}.Debug|Any CPU.Build.0 = Debug|Any CPU
		{4E9487DE-82FE-4635-9AB3-6037B01228A5}.Release|Any CPU.ActiveCfg = Release|Any CPU
		{4E9487DE-82FE-4635-9AB3-6037B01228A5}.Release|Any CPU.Build.0 = Release|Any CPU
		{338749C4-E868-4931-835C-D74DF69EAC0F}.Debug|Any CPU.ActiveCfg = Debug|Any CPU
		{338749C4-E868-4931-835C-D74DF69EAC0F}.Debug|Any CPU.Build.0 = Debug|Any CPU
		{338749C4-E868-4931-835C-D74DF69EAC0F}.Release|Any CPU.ActiveCfg = Release|Any CPU
		{338749C4-E868-4931-835C-D74DF69EAC0F}.Release|Any CPU.Build.0 = Release|Any CPU
		{9DB0AB1C-95B3-4664-A77B-7ACFCDCDA56D}.Debug|Any CPU.ActiveCfg = Debug|Any CPU
		{9DB0AB1C-95B3-4664-A77B-7ACFCDCDA56D}.Debug|Any CPU.Build.0 = Debug|Any CPU
		{9DB0AB1C-95B3-4664-A77B-7ACFCDCDA56D}.Release|Any CPU.ActiveCfg = Release|Any CPU
		{9DB0AB1C-95B3-4664-A77B-7ACFCDCDA56D}.Release|Any CPU.Build.0 = Release|Any CPU
	EndGlobalSection
	GlobalSection(SolutionProperties) = preSolution
		HideSolutionNode = FALSE
	EndGlobalSection
	GlobalSection(ExtensibilityGlobals) = postSolution
		SolutionGuid = {CBA07716-ACC2-48A8-92BB-25170A73F50B}
	EndGlobalSection
EndGlobal
